{
  "name": "maps",
  "version": "0.0.1",
  "lockfileVersion": 1,
  "requires": true,
  "dependencies": {
    "react-native-maps": {
      "version": "0.23.0",
      "resolved": "https://registry.npmjs.org/react-native-maps/-/react-native-maps-0.23.0.tgz",
      "integrity": "sha512-qxOIQGsDtQXQlSJdXMW1wg8pvLaVYdbiIolB7tZTTgTGgIA/hDxXwZbQZ08c4KDD6/VTk8krfd1APaHkqvh6og=="
    },
    "react-native-prompt-android": {
      "version": "0.3.4",
      "resolved": "https://registry.npmjs.org/react-native-prompt-android/-/react-native-prompt-android-0.3.4.tgz",
      "integrity": "sha512-JrI+4nzWa4NUiCJV/e0kXzHkdQXnmrdX5O0GCURpI8waBq3dqaPvgtdDfNT2jhmiSpfa1KKxcTz1bgvkAiSIQA=="
    }
  }
}
